
Microsoft Visual Studio Solution File, Format Version 12.00
# Visual Studio Version 17
VisualStudioVersion = 17.2.32526.322
MinimumVisualStudioVersion = 10.0.40219.1
Project("{2150E333-8FDC-42A3-9474-1A3956D46DE8}") = "Services", "Services", "{DE378987-5CA2-4B93-B9E5-89CB02F3F406}"
EndProject
Project("{2150E333-8FDC-42A3-9474-1A3956D46DE8}") = "Exercises", "Exercises", "{5E1BECDC-5E94-40E6-908D-19468037B5F5}"
EndProject
Project("{9A19103F-16F7-4668-BE54-9A1E7A4F7556}") = "Exercises.API", "Services\Exercises\Exercises.API\Exercises.API.csproj", "{E23AC777-3E30-4DE3-A4D4-2C66E11091E7}"
EndProject
Project("{9A19103F-16F7-4668-BE54-9A1E7A4F7556}") = "Exercises.Application", "Services\Exercises\Exercises.Application\Exercises.Application.csproj", "{40BADADC-37FB-40A3-9A4E-39E3FA8247ED}"
EndProject
Project("{9A19103F-16F7-4668-BE54-9A1E7A4F7556}") = "Exercises.Domain", "Services\Exercises\Exercises.Domain\Exercises.Domain.csproj", "{126E08B0-C5A0-473F-BAF2-FE4B80407CD0}"
EndProject
Project("{9A19103F-16F7-4668-BE54-9A1E7A4F7556}") = "Exercises.Infrastructure", "Services\Exercises\Exercises.Infrastructure\Exercises.Infrastructure.csproj", "{FEA0BC3A-1793-4F85-9C58-319206F01ACB}"
EndProject
Project("{E53339B2-1760-4266-BCC7-CA923CBCF16C}") = "docker-compose", "docker-compose.dcproj", "{70BBACAE-F35B-46C5-A434-F4458C32E618}"
EndProject
Project("{2150E333-8FDC-42A3-9474-1A3956D46DE8}") = "MuscleGroup", "MuscleGroup", "{9ECAE542-5C46-4E71-8A3F-BCA064C815C0}"
EndProject
Project("{9A19103F-16F7-4668-BE54-9A1E7A4F7556}") = "MuscleGroups.API", "Services\MuscleGroup\MuscleGroup.API\MuscleGroups.API.csproj", "{693C993B-3633-4CA0-B62A-8350B485395B}"
EndProject
Project("{2150E333-8FDC-42A3-9474-1A3956D46DE8}") = "ApiGateways", "ApiGateways", "{B33BF0DD-4B59-4A4C-A862-AB380FB5F747}"
EndProject
Project("{FAE04EC0-301F-11D3-BF4B-00C04F79EFBC}") = "OcelotApiGw", "ApiGateways\OcelotApiGw\OcelotApiGw.csproj", "{AFACC833-3710-4613-B2EE-745117015648}"
EndProject
Global
	GlobalSection(SolutionConfigurationPlatforms) = preSolution
		Debug|Any CPU = Debug|Any CPU
		Release|Any CPU = Release|Any CPU
	EndGlobalSection
	GlobalSection(ProjectConfigurationPlatforms) = postSolution
		{E23AC777-3E30-4DE3-A4D4-2C66E11091E7}.Debug|Any CPU.ActiveCfg = Debug|Any CPU
		{E23AC777-3E30-4DE3-A4D4-2C66E11091E7}.Debug|Any CPU.Build.0 = Debug|Any CPU
		{E23AC777-3E30-4DE3-A4D4-2C66E11091E7}.Release|Any CPU.ActiveCfg = Release|Any CPU
		{E23AC777-3E30-4DE3-A4D4-2C66E11091E7}.Release|Any CPU.Build.0 = Release|Any CPU
		{40BADADC-37FB-40A3-9A4E-39E3FA8247ED}.Debug|Any CPU.ActiveCfg = Debug|Any CPU
		{40BADADC-37FB-40A3-9A4E-39E3FA8247ED}.Debug|Any CPU.Build.0 = Debug|Any CPU
		{40BADADC-37FB-40A3-9A4E-39E3FA8247ED}.Release|Any CPU.ActiveCfg = Release|Any CPU
		{40BADADC-37FB-40A3-9A4E-39E3FA8247ED}.Release|Any CPU.Build.0 = Release|Any CPU
		{126E08B0-C5A0-473F-BAF2-FE4B80407CD0}.Debug|Any CPU.ActiveCfg = Debug|Any CPU
		{126E08B0-C5A0-473F-BAF2-FE4B80407CD0}.Debug|Any CPU.Build.0 = Debug|Any CPU
		{126E08B0-C5A0-473F-BAF2-FE4B80407CD0}.Release|Any CPU.ActiveCfg = Release|Any CPU
		{126E08B0-C5A0-473F-BAF2-FE4B80407CD0}.Release|Any CPU.Build.0 = Release|Any CPU
		{FEA0BC3A-1793-4F85-9C58-319206F01ACB}.Debug|Any CPU.ActiveCfg = Debug|Any CPU
		{FEA0BC3A-1793-4F85-9C58-319206F01ACB}.Debug|Any CPU.Build.0 = Debug|Any CPU
		{FEA0BC3A-1793-4F85-9C58-319206F01ACB}.Release|Any CPU.ActiveCfg = Release|Any CPU
		{FEA0BC3A-1793-4F85-9C58-319206F01ACB}.Release|Any CPU.Build.0 = Release|Any CPU
		{70BBACAE-F35B-46C5-A434-F4458C32E618}.Debug|Any CPU.ActiveCfg = Debug|Any CPU
		{70BBACAE-F35B-46C5-A434-F4458C32E618}.Debug|Any CPU.Build.0 = Debug|Any CPU
		{70BBACAE-F35B-46C5-A434-F4458C32E618}.Release|Any CPU.ActiveCfg = Release|Any CPU
		{70BBACAE-F35B-46C5-A434-F4458C32E618}.Release|Any CPU.Build.0 = Release|Any CPU
		{693C993B-3633-4CA0-B62A-8350B485395B}.Debug|Any CPU.ActiveCfg = Debug|Any CPU
		{693C993B-3633-4CA0-B62A-8350B485395B}.Debug|Any CPU.Build.0 = Debug|Any CPU
		{693C993B-3633-4CA0-B62A-8350B485395B}.Release|Any CPU.ActiveCfg = Release|Any CPU
		{693C993B-3633-4CA0-B62A-8350B485395B}.Release|Any CPU.Build.0 = Release|Any CPU
		{AFACC833-3710-4613-B2EE-745117015648}.Debug|Any CPU.ActiveCfg = Debug|Any CPU
		{AFACC833-3710-4613-B2EE-745117015648}.Debug|Any CPU.Build.0 = Debug|Any CPU
		{AFACC833-3710-4613-B2EE-745117015648}.Release|Any CPU.ActiveCfg = Release|Any CPU
		{AFACC833-3710-4613-B2EE-745117015648}.Release|Any CPU.Build.0 = Release|Any CPU
	EndGlobalSection
	GlobalSection(SolutionProperties) = preSolution
		HideSolutionNode = FALSE
	EndGlobalSection
	GlobalSection(NestedProjects) = preSolution
		{5E1BECDC-5E94-40E6-908D-19468037B5F5} = {DE378987-5CA2-4B93-B9E5-89CB02F3F406}
		{E23AC777-3E30-4DE3-A4D4-2C66E11091E7} = {5E1BECDC-5E94-40E6-908D-19468037B5F5}
		{40BADADC-37FB-40A3-9A4E-39E3FA8247ED} = {5E1BECDC-5E94-40E6-908D-19468037B5F5}
		{126E08B0-C5A0-473F-BAF2-FE4B80407CD0} = {5E1BECDC-5E94-40E6-908D-19468037B5F5}
		{FEA0BC3A-1793-4F85-9C58-319206F01ACB} = {5E1BECDC-5E94-40E6-908D-19468037B5F5}
		{9ECAE542-5C46-4E71-8A3F-BCA064C815C0} = {DE378987-5CA2-4B93-B9E5-89CB02F3F406}
		{693C993B-3633-4CA0-B62A-8350B485395B} = {9ECAE542-5C46-4E71-8A3F-BCA064C815C0}
		{AFACC833-3710-4613-B2EE-745117015648} = {B33BF0DD-4B59-4A4C-A862-AB380FB5F747}
	EndGlobalSection
	GlobalSection(ExtensibilityGlobals) = postSolution
		SolutionGuid = {CD40AA43-955B-4F8E-B665-4DFA4E8353B0}
	EndGlobalSection
EndGlobal
